
Microsoft Visual Studio Solution File, Format Version 12.00
# Visual Studio Version 17
VisualStudioVersion = 17.14.36603.0
MinimumVisualStudioVersion = 10.0.40219.1
Project("{2150E333-8FDC-42A3-9474-1A3956D46DE8}") = "src", "src", "{02EA681E-C7D8-13C7-8484-4AC65E1B71E8}"
EndProject
Project("{2150E333-8FDC-42A3-9474-1A3956D46DE8}") = "Services", "Services", "{9579D4B6-00DE-4D9D-A5F9-EEC21D338E14}"
EndProject
Project("{2150E333-8FDC-42A3-9474-1A3956D46DE8}") = "HR", "HR", "{4E616F97-0ECC-4ECB-9DBA-38D48750CBB4}"
EndProject
Project("{2150E333-8FDC-42A3-9474-1A3956D46DE8}") = "Shared", "Shared", "{F4A39C04-E29F-48E3-8000-944D3D8E9DB5}"
EndProject
Project("{2150E333-8FDC-42A3-9474-1A3956D46DE8}") = "Identity", "Identity", "{AF5823E1-C3EA-47FF-5E9B-B1725429EA41}"
EndProject
Project("{FAE04EC0-301F-11D3-BF4B-00C04F79EFBC}") = "_360Retail.Services.Identity.Domain", "src\Services\Identity\Domain\_360Retail.Services.Identity.Domain.csproj", "{2DCF7964-EBA8-481F-BBC5-A59E44756E05}"
EndProject
Project("{FAE04EC0-301F-11D3-BF4B-00C04F79EFBC}") = "_360Retail.Services.Identity.Application", "src\Services\Identity\Application\_360Retail.Services.Identity.Application.csproj", "{54BBFACC-F606-4323-8CD6-63CCC1947B8E}"
EndProject
Project("{FAE04EC0-301F-11D3-BF4B-00C04F79EFBC}") = "_360Retail.Services.Identity.Infrastructure", "src\Services\Identity\Infrastructure\_360Retail.Services.Identity.Infrastructure.csproj", "{8CDBF2D9-3C27-46A3-9BAB-84A2BD556AA3}"
EndProject
Project("{FAE04EC0-301F-11D3-BF4B-00C04F79EFBC}") = "_360Retail.Services.Identity.API", "src\Services\Identity\API\_360Retail.Services.Identity.API.csproj", "{D8796276-8C21-4527-B518-A1FBE67B87C8}"
EndProject
Project("{2150E333-8FDC-42A3-9474-1A3956D46DE8}") = "Sales", "Sales", "{A19C65F4-8FA7-C819-12A0-39D9801429DB}"
EndProject
Project("{FAE04EC0-301F-11D3-BF4B-00C04F79EFBC}") = "_360Retail.Services.Sales.Domain", "src\Services\Sales\Domain\_360Retail.Services.Sales.Domain.csproj", "{2BB3F1F5-82E8-4AAA-9AB8-066728A9279C}"
EndProject
Project("{FAE04EC0-301F-11D3-BF4B-00C04F79EFBC}") = "_360Retail.Services.Sales.Application", "src\Services\Sales\Application\_360Retail.Services.Sales.Application.csproj", "{7844B1EF-7B63-4D00-AED4-48BC2866D059}"
EndProject
Project("{FAE04EC0-301F-11D3-BF4B-00C04F79EFBC}") = "_360Retail.Services.Sales.Infrastructure", "src\Services\Sales\Infrastructure\_360Retail.Services.Sales.Infrastructure.csproj", "{5BDEC834-E274-46A6-9CCF-D74E70803187}"
EndProject
Project("{FAE04EC0-301F-11D3-BF4B-00C04F79EFBC}") = "_360Retail.Services.Sales.API", "src\Services\Sales\API\_360Retail.Services.Sales.API.csproj", "{F7B3E547-68E9-45A4-962F-DC728514D08E}"
EndProject
Project("{2150E333-8FDC-42A3-9474-1A3956D46DE8}") = "CRM", "CRM", "{263A6EA2-4000-AFC5-7B39-040790BD5BE3}"
EndProject
Project("{FAE04EC0-301F-11D3-BF4B-00C04F79EFBC}") = "_360Retail.Services.CRM.Domain", "src\Services\CRM\Domain\_360Retail.Services.CRM.Domain.csproj", "{2EB1FFA7-8BBB-4805-8F3D-620BF48DFDD9}"
EndProject
Project("{FAE04EC0-301F-11D3-BF4B-00C04F79EFBC}") = "_360Retail.Services.CRM.Application", "src\Services\CRM\Application\_360Retail.Services.CRM.Application.csproj", "{239CF95A-574A-42E2-9D09-F3826689607F}"
EndProject
Project("{FAE04EC0-301F-11D3-BF4B-00C04F79EFBC}") = "_360Retail.Services.CRM.Infrastructure", "src\Services\CRM\Infrastructure\_360Retail.Services.CRM.Infrastructure.csproj", "{502942CD-A719-4E69-898B-DB6921C96F77}"
EndProject
Project("{FAE04EC0-301F-11D3-BF4B-00C04F79EFBC}") = "_360Retail.Services.CRM.API", "src\Services\CRM\API\_360Retail.Services.CRM.API.csproj", "{9D9DCE14-834A-4F3C-80B6-17DC158ECB40}"
EndProject
Project("{FAE04EC0-301F-11D3-BF4B-00C04F79EFBC}") = "360Retail.Services.HR.API", "src\Services\HR\360Retail.Services.HR.API\360Retail.Services.HR.API.csproj", "{18A94DCE-88B4-2174-5199-336AF39BCE09}"
EndProject
Project("{FAE04EC0-301F-11D3-BF4B-00C04F79EFBC}") = "360Retail.Services.HR.Application", "src\Services\HR\360Retail.Services.HR.Application\360Retail.Services.HR.Application.csproj", "{54F8EBB7-BFDD-714C-E5B4-392A88B0B523}"
EndProject
Project("{FAE04EC0-301F-11D3-BF4B-00C04F79EFBC}") = "360Retail.Services.HR.Domain", "src\Services\HR\360Retail.Services.HR.Domain\360Retail.Services.HR.Domain.csproj", "{9E3D7F0A-A11F-5968-D989-1B157A7078EB}"
EndProject
Project("{FAE04EC0-301F-11D3-BF4B-00C04F79EFBC}") = "360Retail.Services.HR.Infrastructure", "src\Services\HR\360Retail.Services.HR.Infrastructure\360Retail.Services.HR.Infrastructure.csproj", "{8CAEA992-DAC7-CFA2-CE95-9BF7A228CE51}"
EndProject
Global
	GlobalSection(SolutionConfigurationPlatforms) = preSolution
		Debug|Any CPU = Debug|Any CPU
		Debug|x64 = Debug|x64
		Debug|x86 = Debug|x86
		Release|Any CPU = Release|Any CPU
		Release|x64 = Release|x64
		Release|x86 = Release|x86
	EndGlobalSection
	GlobalSection(ProjectConfigurationPlatforms) = postSolution
		{2DCF7964-EBA8-481F-BBC5-A59E44756E05}.Debug|Any CPU.ActiveCfg = Debug|Any CPU
		{2DCF7964-EBA8-481F-BBC5-A59E44756E05}.Debug|Any CPU.Build.0 = Debug|Any CPU
		{2DCF7964-EBA8-481F-BBC5-A59E44756E05}.Debug|x64.ActiveCfg = Debug|Any CPU
		{2DCF7964-EBA8-481F-BBC5-A59E44756E05}.Debug|x64.Build.0 = Debug|Any CPU
		{2DCF7964-EBA8-481F-BBC5-A59E44756E05}.Debug|x86.ActiveCfg = Debug|Any CPU
		{2DCF7964-EBA8-481F-BBC5-A59E44756E05}.Debug|x86.Build.0 = Debug|Any CPU
		{2DCF7964-EBA8-481F-BBC5-A59E44756E05}.Release|Any CPU.ActiveCfg = Release|Any CPU
		{2DCF7964-EBA8-481F-BBC5-A59E44756E05}.Release|Any CPU.Build.0 = Release|Any CPU
		{2DCF7964-EBA8-481F-BBC5-A59E44756E05}.Release|x64.ActiveCfg = Release|Any CPU
		{2DCF7964-EBA8-481F-BBC5-A59E44756E05}.Release|x64.Build.0 = Release|Any CPU
		{2DCF7964-EBA8-481F-BBC5-A59E44756E05}.Release|x86.ActiveCfg = Release|Any CPU
		{2DCF7964-EBA8-481F-BBC5-A59E44756E05}.Release|x86.Build.0 = Release|Any CPU
		{54BBFACC-F606-4323-8CD6-63CCC1947B8E}.Debug|Any CPU.ActiveCfg = Debug|Any CPU
		{54BBFACC-F606-4323-8CD6-63CCC1947B8E}.Debug|Any CPU.Build.0 = Debug|Any CPU
		{54BBFACC-F606-4323-8CD6-63CCC1947B8E}.Debug|x64.ActiveCfg = Debug|Any CPU
		{54BBFACC-F606-4323-8CD6-63CCC1947B8E}.Debug|x64.Build.0 = Debug|Any CPU
		{54BBFACC-F606-4323-8CD6-63CCC1947B8E}.Debug|x86.ActiveCfg = Debug|Any CPU
		{54BBFACC-F606-4323-8CD6-63CCC1947B8E}.Debug|x86.Build.0 = Debug|Any CPU
		{54BBFACC-F606-4323-8CD6-63CCC1947B8E}.Release|Any CPU.ActiveCfg = Release|Any CPU
		{54BBFACC-F606-4323-8CD6-63CCC1947B8E}.Release|Any CPU.Build.0 = Release|Any CPU
		{54BBFACC-F606-4323-8CD6-63CCC1947B8E}.Release|x64.ActiveCfg = Release|Any CPU
		{54BBFACC-F606-4323-8CD6-63CCC1947B8E}.Release|x64.Build.0 = Release|Any CPU
		{54BBFACC-F606-4323-8CD6-63CCC1947B8E}.Release|x86.ActiveCfg = Release|Any CPU
		{54BBFACC-F606-4323-8CD6-63CCC1947B8E}.Release|x86.Build.0 = Release|Any CPU
		{8CDBF2D9-3C27-46A3-9BAB-84A2BD556AA3}.Debug|Any CPU.ActiveCfg = Debug|Any CPU
		{8CDBF2D9-3C27-46A3-9BAB-84A2BD556AA3}.Debug|Any CPU.Build.0 = Debug|Any CPU
		{8CDBF2D9-3C27-46A3-9BAB-84A2BD556AA3}.Debug|x64.ActiveCfg = Debug|Any CPU
		{8CDBF2D9-3C27-46A3-9BAB-84A2BD556AA3}.Debug|x64.Build.0 = Debug|Any CPU
		{8CDBF2D9-3C27-46A3-9BAB-84A2BD556AA3}.Debug|x86.ActiveCfg = Debug|Any CPU
		{8CDBF2D9-3C27-46A3-9BAB-84A2BD556AA3}.Debug|x86.Build.0 = Debug|Any CPU
		{8CDBF2D9-3C27-46A3-9BAB-84A2BD556AA3}.Release|Any CPU.ActiveCfg = Release|Any CPU
		{8CDBF2D9-3C27-46A3-9BAB-84A2BD556AA3}.Release|Any CPU.Build.0 = Release|Any CPU
		{8CDBF2D9-3C27-46A3-9BAB-84A2BD556AA3}.Release|x64.ActiveCfg = Release|Any CPU
		{8CDBF2D9-3C27-46A3-9BAB-84A2BD556AA3}.Release|x64.Build.0 = Release|Any CPU
		{8CDBF2D9-3C27-46A3-9BAB-84A2BD556AA3}.Release|x86.ActiveCfg = Release|Any CPU
		{8CDBF2D9-3C27-46A3-9BAB-84A2BD556AA3}.Release|x86.Build.0 = Release|Any CPU
		{D8796276-8C21-4527-B518-A1FBE67B87C8}.Debug|Any CPU.ActiveCfg = Debug|Any CPU
		{D8796276-8C21-4527-B518-A1FBE67B87C8}.Debug|Any CPU.Build.0 = Debug|Any CPU
		{D8796276-8C21-4527-B518-A1FBE67B87C8}.Debug|x64.ActiveCfg = Debug|Any CPU
		{D8796276-8C21-4527-B518-A1FBE67B87C8}.Debug|x64.Build.0 = Debug|Any CPU
		{D8796276-8C21-4527-B518-A1FBE67B87C8}.Debug|x86.ActiveCfg = Debug|Any CPU
		{D8796276-8C21-4527-B518-A1FBE67B87C8}.Debug|x86.Build.0 = Debug|Any CPU
		{D8796276-8C21-4527-B518-A1FBE67B87C8}.Release|Any CPU.ActiveCfg = Release|Any CPU
		{D8796276-8C21-4527-B518-A1FBE67B87C8}.Release|Any CPU.Build.0 = Release|Any CPU
		{D8796276-8C21-4527-B518-A1FBE67B87C8}.Release|x64.ActiveCfg = Release|Any CPU
		{D8796276-8C21-4527-B518-A1FBE67B87C8}.Release|x64.Build.0 = Release|Any CPU
		{D8796276-8C21-4527-B518-A1FBE67B87C8}.Release|x86.ActiveCfg = Release|Any CPU
		{D8796276-8C21-4527-B518-A1FBE67B87C8}.Release|x86.Build.0 = Release|Any CPU
		{2BB3F1F5-82E8-4AAA-9AB8-066728A9279C}.Debug|Any CPU.ActiveCfg = Debug|Any CPU
		{2BB3F1F5-82E8-4AAA-9AB8-066728A9279C}.Debug|Any CPU.Build.0 = Debug|Any CPU
		{2BB3F1F5-82E8-4AAA-9AB8-066728A9279C}.Debug|x64.ActiveCfg = Debug|Any CPU
		{2BB3F1F5-82E8-4AAA-9AB8-066728A9279C}.Debug|x64.Build.0 = Debug|Any CPU
		{2BB3F1F5-82E8-4AAA-9AB8-066728A9279C}.Debug|x86.ActiveCfg = Debug|Any CPU
		{2BB3F1F5-82E8-4AAA-9AB8-066728A9279C}.Debug|x86.Build.0 = Debug|Any CPU
		{2BB3F1F5-82E8-4AAA-9AB8-066728A9279C}.Release|Any CPU.ActiveCfg = Release|Any CPU
		{2BB3F1F5-82E8-4AAA-9AB8-066728A9279C}.Release|Any CPU.Build.0 = Release|Any CPU
		{2BB3F1F5-82E8-4AAA-9AB8-066728A9279C}.Release|x64.ActiveCfg = Release|Any CPU
		{2BB3F1F5-82E8-4AAA-9AB8-066728A9279C}.Release|x64.Build.0 = Release|Any CPU
		{2BB3F1F5-82E8-4AAA-9AB8-066728A9279C}.Release|x86.ActiveCfg = Release|Any CPU
		{2BB3F1F5-82E8-4AAA-9AB8-066728A9279C}.Release|x86.Build.0 = Release|Any CPU
		{7844B1EF-7B63-4D00-AED4-48BC2866D059}.Debug|Any CPU.ActiveCfg = Debug|Any CPU
		{7844B1EF-7B63-4D00-AED4-48BC2866D059}.Debug|Any CPU.Build.0 = Debug|Any CPU
		{7844B1EF-7B63-4D00-AED4-48BC2866D059}.Debug|x64.ActiveCfg = Debug|Any CPU
		{7844B1EF-7B63-4D00-AED4-48BC2866D059}.Debug|x64.Build.0 = Debug|Any CPU
		{7844B1EF-7B63-4D00-AED4-48BC2866D059}.Debug|x86.ActiveCfg = Debug|Any CPU
		{7844B1EF-7B63-4D00-AED4-48BC2866D059}.Debug|x86.Build.0 = Debug|Any CPU
		{7844B1EF-7B63-4D00-AED4-48BC2866D059}.Release|Any CPU.ActiveCfg = Release|Any CPU
		{7844B1EF-7B63-4D00-AED4-48BC2866D059}.Release|Any CPU.Build.0 = Release|Any CPU
		{7844B1EF-7B63-4D00-AED4-48BC2866D059}.Release|x64.ActiveCfg = Release|Any CPU
		{7844B1EF-7B63-4D00-AED4-48BC2866D059}.Release|x64.Build.0 = Release|Any CPU
		{7844B1EF-7B63-4D00-AED4-48BC2866D059}.Release|x86.ActiveCfg = Release|Any CPU
		{7844B1EF-7B63-4D00-AED4-48BC2866D059}.Release|x86.Build.0 = Release|Any CPU
		{5BDEC834-E274-46A6-9CCF-D74E70803187}.Debug|Any CPU.ActiveCfg = Debug|Any CPU
		{5BDEC834-E274-46A6-9CCF-D74E70803187}.Debug|Any CPU.Build.0 = Debug|Any CPU
		{5BDEC834-E274-46A6-9CCF-D74E70803187}.Debug|x64.ActiveCfg = Debug|Any CPU
		{5BDEC834-E274-46A6-9CCF-D74E70803187}.Debug|x64.Build.0 = Debug|Any CPU
		{5BDEC834-E274-46A6-9CCF-D74E70803187}.Debug|x86.ActiveCfg = Debug|Any CPU
		{5BDEC834-E274-46A6-9CCF-D74E70803187}.Debug|x86.Build.0 = Debug|Any CPU
		{5BDEC834-E274-46A6-9CCF-D74E70803187}.Release|Any CPU.ActiveCfg = Release|Any CPU
		{5BDEC834-E274-46A6-9CCF-D74E70803187}.Release|Any CPU.Build.0 = Release|Any CPU
		{5BDEC834-E274-46A6-9CCF-D74E70803187}.Release|x64.ActiveCfg = Release|Any CPU
		{5BDEC834-E274-46A6-9CCF-D74E70803187}.Release|x64.Build.0 = Release|Any CPU
		{5BDEC834-E274-46A6-9CCF-D74E70803187}.Release|x86.ActiveCfg = Release|Any CPU
		{5BDEC834-E274-46A6-9CCF-D74E70803187}.Release|x86.Build.0 = Release|Any CPU
		{F7B3E547-68E9-45A4-962F-DC728514D08E}.Debug|Any CPU.ActiveCfg = Debug|Any CPU
		{F7B3E547-68E9-45A4-962F-DC728514D08E}.Debug|Any CPU.Build.0 = Debug|Any CPU
		{F7B3E547-68E9-45A4-962F-DC728514D08E}.Debug|x64.ActiveCfg = Debug|Any CPU
		{F7B3E547-68E9-45A4-962F-DC728514D08E}.Debug|x64.Build.0 = Debug|Any CPU
		{F7B3E547-68E9-45A4-962F-DC728514D08E}.Debug|x86.ActiveCfg = Debug|Any CPU
		{F7B3E547-68E9-45A4-962F-DC728514D08E}.Debug|x86.Build.0 = Debug|Any CPU
		{F7B3E547-68E9-45A4-962F-DC728514D08E}.Release|Any CPU.ActiveCfg = Release|Any CPU
		{F7B3E547-68E9-45A4-962F-DC728514D08E}.Release|Any CPU.Build.0 = Release|Any CPU
		{F7B3E547-68E9-45A4-962F-DC728514D08E}.Release|x64.ActiveCfg = Release|Any CPU
		{F7B3E547-68E9-45A4-962F-DC728514D08E}.Release|x64.Build.0 = Release|Any CPU
		{F7B3E547-68E9-45A4-962F-DC728514D08E}.Release|x86.ActiveCfg = Release|Any CPU
		{F7B3E547-68E9-45A4-962F-DC728514D08E}.Release|x86.Build.0 = Release|Any CPU
		{2EB1FFA7-8BBB-4805-8F3D-620BF48DFDD9}.Debug|Any CPU.ActiveCfg = Debug|Any CPU
		{2EB1FFA7-8BBB-4805-8F3D-620BF48DFDD9}.Debug|Any CPU.Build.0 = Debug|Any CPU
		{2EB1FFA7-8BBB-4805-8F3D-620BF48DFDD9}.Debug|x64.ActiveCfg = Debug|Any CPU
		{2EB1FFA7-8BBB-4805-8F3D-620BF48DFDD9}.Debug|x64.Build.0 = Debug|Any CPU
		{2EB1FFA7-8BBB-4805-8F3D-620BF48DFDD9}.Debug|x86.ActiveCfg = Debug|Any CPU
		{2EB1FFA7-8BBB-4805-8F3D-620BF48DFDD9}.Debug|x86.Build.0 = Debug|Any CPU
		{2EB1FFA7-8BBB-4805-8F3D-620BF48DFDD9}.Release|Any CPU.ActiveCfg = Release|Any CPU
		{2EB1FFA7-8BBB-4805-8F3D-620BF48DFDD9}.Release|Any CPU.Build.0 = Release|Any CPU
		{2EB1FFA7-8BBB-4805-8F3D-620BF48DFDD9}.Release|x64.ActiveCfg = Release|Any CPU
		{2EB1FFA7-8BBB-4805-8F3D-620BF48DFDD9}.Release|x64.Build.0 = Release|Any CPU
		{2EB1FFA7-8BBB-4805-8F3D-620BF48DFDD9}.Release|x86.ActiveCfg = Release|Any CPU
		{2EB1FFA7-8BBB-4805-8F3D-620BF48DFDD9}.Release|x86.Build.0 = Release|Any CPU
		{239CF95A-574A-42E2-9D09-F3826689607F}.Debug|Any CPU.ActiveCfg = Debug|Any CPU
		{239CF95A-574A-42E2-9D09-F3826689607F}.Debug|Any CPU.Build.0 = Debug|Any CPU
		{239CF95A-574A-42E2-9D09-F3826689607F}.Debug|x64.ActiveCfg = Debug|Any CPU
		{239CF95A-574A-42E2-9D09-F3826689607F}.Debug|x64.Build.0 = Debug|Any CPU
		{239CF95A-574A-42E2-9D09-F3826689607F}.Debug|x86.ActiveCfg = Debug|Any CPU
		{239CF95A-574A-42E2-9D09-F3826689607F}.Debug|x86.Build.0 = Debug|Any CPU
		{239CF95A-574A-42E2-9D09-F3826689607F}.Release|Any CPU.ActiveCfg = Release|Any CPU
		{239CF95A-574A-42E2-9D09-F3826689607F}.Release|Any CPU.Build.0 = Release|Any CPU
		{239CF95A-574A-42E2-9D09-F3826689607F}.Release|x64.ActiveCfg = Release|Any CPU
		{239CF95A-574A-42E2-9D09-F3826689607F}.Release|x64.Build.0 = Release|Any CPU
		{239CF95A-574A-42E2-9D09-F3826689607F}.Release|x86.ActiveCfg = Release|Any CPU
		{239CF95A-574A-42E2-9D09-F3826689607F}.Release|x86.Build.0 = Release|Any CPU
		{502942CD-A719-4E69-898B-DB6921C96F77}.Debug|Any CPU.ActiveCfg = Debug|Any CPU
		{502942CD-A719-4E69-898B-DB6921C96F77}.Debug|Any CPU.Build.0 = Debug|Any CPU
		{502942CD-A719-4E69-898B-DB6921C96F77}.Debug|x64.ActiveCfg = Debug|Any CPU
		{502942CD-A719-4E69-898B-DB6921C96F77}.Debug|x64.Build.0 = Debug|Any CPU
		{502942CD-A719-4E69-898B-DB6921C96F77}.Debug|x86.ActiveCfg = Debug|Any CPU
		{502942CD-A719-4E69-898B-DB6921C96F77}.Debug|x86.Build.0 = Debug|Any CPU
		{502942CD-A719-4E69-898B-DB6921C96F77}.Release|Any CPU.ActiveCfg = Release|Any CPU
		{502942CD-A719-4E69-898B-DB6921C96F77}.Release|Any CPU.Build.0 = Release|Any CPU
		{502942CD-A719-4E69-898B-DB6921C96F77}.Release|x64.ActiveCfg = Release|Any CPU
		{502942CD-A719-4E69-898B-DB6921C96F77}.Release|x64.Build.0 = Release|Any CPU
		{502942CD-A719-4E69-898B-DB6921C96F77}.Release|x86.ActiveCfg = Release|Any CPU
		{502942CD-A719-4E69-898B-DB6921C96F77}.Release|x86.Build.0 = Release|Any CPU
		{9D9DCE14-834A-4F3C-80B6-17DC158ECB40}.Debug|Any CPU.ActiveCfg = Debug|Any CPU
		{9D9DCE14-834A-4F3C-80B6-17DC158ECB40}.Debug|Any CPU.Build.0 = Debug|Any CPU
		{9D9DCE14-834A-4F3C-80B6-17DC158ECB40}.Debug|x64.ActiveCfg = Debug|Any CPU
		{9D9DCE14-834A-4F3C-80B6-17DC158ECB40}.Debug|x64.Build.0 = Debug|Any CPU
		{9D9DCE14-834A-4F3C-80B6-17DC158ECB40}.Debug|x86.ActiveCfg = Debug|Any CPU
		{9D9DCE14-834A-4F3C-80B6-17DC158ECB40}.Debug|x86.Build.0 = Debug|Any CPU
		{9D9DCE14-834A-4F3C-80B6-17DC158ECB40}.Release|Any CPU.ActiveCfg = Release|Any CPU
		{9D9DCE14-834A-4F3C-80B6-17DC158ECB40}.Release|Any CPU.Build.0 = Release|Any CPU
		{9D9DCE14-834A-4F3C-80B6-17DC158ECB40}.Release|x64.ActiveCfg = Release|Any CPU
		{9D9DCE14-834A-4F3C-80B6-17DC158ECB40}.Release|x64.Build.0 = Release|Any CPU
		{9D9DCE14-834A-4F3C-80B6-17DC158ECB40}.Release|x86.ActiveCfg = Release|Any CPU
		{9D9DCE14-834A-4F3C-80B6-17DC158ECB40}.Release|x86.Build.0 = Release|Any CPU
		{18A94DCE-88B4-2174-5199-336AF39BCE09}.Debug|Any CPU.ActiveCfg = Debug|Any CPU
		{18A94DCE-88B4-2174-5199-336AF39BCE09}.Debug|Any CPU.Build.0 = Debug|Any CPU
		{18A94DCE-88B4-2174-5199-336AF39BCE09}.Debug|x64.ActiveCfg = Debug|Any CPU
		{18A94DCE-88B4-2174-5199-336AF39BCE09}.Debug|x64.Build.0 = Debug|Any CPU
		{18A94DCE-88B4-2174-5199-336AF39BCE09}.Debug|x86.ActiveCfg = Debug|Any CPU
		{18A94DCE-88B4-2174-5199-336AF39BCE09}.Debug|x86.Build.0 = Debug|Any CPU
		{18A94DCE-88B4-2174-5199-336AF39BCE09}.Release|Any CPU.ActiveCfg = Release|Any CPU
		{18A94DCE-88B4-2174-5199-336AF39BCE09}.Release|Any CPU.Build.0 = Release|Any CPU
		{18A94DCE-88B4-2174-5199-336AF39BCE09}.Release|x64.ActiveCfg = Release|Any CPU
		{18A94DCE-88B4-2174-5199-336AF39BCE09}.Release|x64.Build.0 = Release|Any CPU
		{18A94DCE-88B4-2174-5199-336AF39BCE09}.Release|x86.ActiveCfg = Release|Any CPU
		{18A94DCE-88B4-2174-5199-336AF39BCE09}.Release|x86.Build.0 = Release|Any CPU
		{54F8EBB7-BFDD-714C-E5B4-392A88B0B523}.Debug|Any CPU.ActiveCfg = Debug|Any CPU
		{54F8EBB7-BFDD-714C-E5B4-392A88B0B523}.Debug|Any CPU.Build.0 = Debug|Any CPU
		{54F8EBB7-BFDD-714C-E5B4-392A88B0B523}.Debug|x64.ActiveCfg = Debug|Any CPU
		{54F8EBB7-BFDD-714C-E5B4-392A88B0B523}.Debug|x64.Build.0 = Debug|Any CPU
		{54F8EBB7-BFDD-714C-E5B4-392A88B0B523}.Debug|x86.ActiveCfg = Debug|Any CPU
		{54F8EBB7-BFDD-714C-E5B4-392A88B0B523}.Debug|x86.Build.0 = Debug|Any CPU
		{54F8EBB7-BFDD-714C-E5B4-392A88B0B523}.Release|Any CPU.ActiveCfg = Release|Any CPU
		{54F8EBB7-BFDD-714C-E5B4-392A88B0B523}.Release|Any CPU.Build.0 = Release|Any CPU
		{54F8EBB7-BFDD-714C-E5B4-392A88B0B523}.Release|x64.ActiveCfg = Release|Any CPU
		{54F8EBB7-BFDD-714C-E5B4-392A88B0B523}.Release|x64.Build.0 = Release|Any CPU
		{54F8EBB7-BFDD-714C-E5B4-392A88B0B523}.Release|x86.ActiveCfg = Release|Any CPU
		{54F8EBB7-BFDD-714C-E5B4-392A88B0B523}.Release|x86.Build.0 = Release|Any CPU
		{9E3D7F0A-A11F-5968-D989-1B157A7078EB}.Debug|Any CPU.ActiveCfg = Debug|Any CPU
		{9E3D7F0A-A11F-5968-D989-1B157A7078EB}.Debug|Any CPU.Build.0 = Debug|Any CPU
		{9E3D7F0A-A11F-5968-D989-1B157A7078EB}.Debug|x64.ActiveCfg = Debug|Any CPU
		{9E3D7F0A-A11F-5968-D989-1B157A7078EB}.Debug|x64.Build.0 = Debug|Any CPU
		{9E3D7F0A-A11F-5968-D989-1B157A7078EB}.Debug|x86.ActiveCfg = Debug|Any CPU
		{9E3D7F0A-A11F-5968-D989-1B157A7078EB}.Debug|x86.Build.0 = Debug|Any CPU
		{9E3D7F0A-A11F-5968-D989-1B157A7078EB}.Release|Any CPU.ActiveCfg = Release|Any CPU
		{9E3D7F0A-A11F-5968-D989-1B157A7078EB}.Release|Any CPU.Build.0 = Release|Any CPU
		{9E3D7F0A-A11F-5968-D989-1B157A7078EB}.Release|x64.ActiveCfg = Release|Any CPU
		{9E3D7F0A-A11F-5968-D989-1B157A7078EB}.Release|x64.Build.0 = Release|Any CPU
		{9E3D7F0A-A11F-5968-D989-1B157A7078EB}.Release|x86.ActiveCfg = Release|Any CPU
		{9E3D7F0A-A11F-5968-D989-1B157A7078EB}.Release|x86.Build.0 = Release|Any CPU
		{8CAEA992-DAC7-CFA2-CE95-9BF7A228CE51}.Debug|Any CPU.ActiveCfg = Debug|Any CPU
		{8CAEA992-DAC7-CFA2-CE95-9BF7A228CE51}.Debug|Any CPU.Build.0 = Debug|Any CPU
		{8CAEA992-DAC7-CFA2-CE95-9BF7A228CE51}.Debug|x64.ActiveCfg = Debug|Any CPU
		{8CAEA992-DAC7-CFA2-CE95-9BF7A228CE51}.Debug|x64.Build.0 = Debug|Any CPU
		{8CAEA992-DAC7-CFA2-CE95-9BF7A228CE51}.Debug|x86.ActiveCfg = Debug|Any CPU
		{8CAEA992-DAC7-CFA2-CE95-9BF7A228CE51}.Debug|x86.Build.0 = Debug|Any CPU
		{8CAEA992-DAC7-CFA2-CE95-9BF7A228CE51}.Release|Any CPU.ActiveCfg = Release|Any CPU
		{8CAEA992-DAC7-CFA2-CE95-9BF7A228CE51}.Release|Any CPU.Build.0 = Release|Any CPU
		{8CAEA992-DAC7-CFA2-CE95-9BF7A228CE51}.Release|x64.ActiveCfg = Release|Any CPU
		{8CAEA992-DAC7-CFA2-CE95-9BF7A228CE51}.Release|x64.Build.0 = Release|Any CPU
		{8CAEA992-DAC7-CFA2-CE95-9BF7A228CE51}.Release|x86.ActiveCfg = Release|Any CPU
		{8CAEA992-DAC7-CFA2-CE95-9BF7A228CE51}.Release|x86.Build.0 = Release|Any CPU
	EndGlobalSection
	GlobalSection(SolutionProperties) = preSolution
		HideSolutionNode = FALSE
	EndGlobalSection
	GlobalSection(NestedProjects) = preSolution
		{9579D4B6-00DE-4D9D-A5F9-EEC21D338E14} = {02EA681E-C7D8-13C7-8484-4AC65E1B71E8}
		{4E616F97-0ECC-4ECB-9DBA-38D48750CBB4} = {9579D4B6-00DE-4D9D-A5F9-EEC21D338E14}
		{F4A39C04-E29F-48E3-8000-944D3D8E9DB5} = {02EA681E-C7D8-13C7-8484-4AC65E1B71E8}
		{AF5823E1-C3EA-47FF-5E9B-B1725429EA41} = {9579D4B6-00DE-4D9D-A5F9-EEC21D338E14}
		{2DCF7964-EBA8-481F-BBC5-A59E44756E05} = {AF5823E1-C3EA-47FF-5E9B-B1725429EA41}
		{54BBFACC-F606-4323-8CD6-63CCC1947B8E} = {AF5823E1-C3EA-47FF-5E9B-B1725429EA41}
		{8CDBF2D9-3C27-46A3-9BAB-84A2BD556AA3} = {AF5823E1-C3EA-47FF-5E9B-B1725429EA41}
		{D8796276-8C21-4527-B518-A1FBE67B87C8} = {AF5823E1-C3EA-47FF-5E9B-B1725429EA41}
		{A19C65F4-8FA7-C819-12A0-39D9801429DB} = {9579D4B6-00DE-4D9D-A5F9-EEC21D338E14}
		{2BB3F1F5-82E8-4AAA-9AB8-066728A9279C} = {A19C65F4-8FA7-C819-12A0-39D9801429DB}
		{7844B1EF-7B63-4D00-AED4-48BC2866D059} = {A19C65F4-8FA7-C819-12A0-39D9801429DB}
		{5BDEC834-E274-46A6-9CCF-D74E70803187} = {A19C65F4-8FA7-C819-12A0-39D9801429DB}
		{F7B3E547-68E9-45A4-962F-DC728514D08E} = {A19C65F4-8FA7-C819-12A0-39D9801429DB}
		{263A6EA2-4000-AFC5-7B39-040790BD5BE3} = {9579D4B6-00DE-4D9D-A5F9-EEC21D338E14}
		{2EB1FFA7-8BBB-4805-8F3D-620BF48DFDD9} = {263A6EA2-4000-AFC5-7B39-040790BD5BE3}
		{239CF95A-574A-42E2-9D09-F3826689607F} = {263A6EA2-4000-AFC5-7B39-040790BD5BE3}
		{502942CD-A719-4E69-898B-DB6921C96F77} = {263A6EA2-4000-AFC5-7B39-040790BD5BE3}
		{9D9DCE14-834A-4F3C-80B6-17DC158ECB40} = {263A6EA2-4000-AFC5-7B39-040790BD5BE3}
		{18A94DCE-88B4-2174-5199-336AF39BCE09} = {4E616F97-0ECC-4ECB-9DBA-38D48750CBB4}
		{54F8EBB7-BFDD-714C-E5B4-392A88B0B523} = {4E616F97-0ECC-4ECB-9DBA-38D48750CBB4}
		{9E3D7F0A-A11F-5968-D989-1B157A7078EB} = {4E616F97-0ECC-4ECB-9DBA-38D48750CBB4}
		{8CAEA992-DAC7-CFA2-CE95-9BF7A228CE51} = {4E616F97-0ECC-4ECB-9DBA-38D48750CBB4}
	EndGlobalSection
	GlobalSection(ExtensibilityGlobals) = postSolution
		SolutionGuid = {D5714F06-1953-4272-9DF8-6810D98F5B6F}
	EndGlobalSection
EndGlobal
